github.com/gabe-lee/gencolor v0.1.0 h1:fYLLQ+X9evXOon4cLmrQx0ZBYCoxeJ81f0uGCAKmGPA=
github.com/gabe-lee/gencolor v0.1.0/go.mod h1:p8LI4xbXRYIruy+agieQxYnXvFx566iIQgSP+FE3mRQ=
github.com/gabe-lee/gengeom v0.1.2 h1:lwEJ76WTKK73pX1fzxKabZnuFwddR8uDCyipd6ONYII=
github.com/gabe-lee/gengeom v0.1.2/go.mod h1:2mt5GC2VWh8wYHaVrjdO/ixG3n3i3c7IkVfEsqruORo=
github.com/gabe-lee/genmath v1.3.2 h1:4r9o1vCMr0D/yw0HtUBnzi68TkwtFJKWOGTwjfnsIj8=
github.com/gabe-lee/genmath v1.3.2/go.mod h1:bT45kaN5bu3kZW562244x7ze+Ha8iGAAepHZTIS4zgQ=
github.com/gabe-lee/genvecs v0.4.1 h1:9TaJbNGZs5ox/eGz66kXpDGRPvmlwCsfSIsPOYkNsog=
github.com/gabe-lee/genvecs v0.4.1/go.mod h1:01fiZT2aCeXD2ZbR2W/5HiT5875Tw5C3CsMVrv65A6Q=
